
Microsoft Visual Studio Solution File, Format Version 12.00
# Visual Studio Version 17
VisualStudioVersion = 17.7.34221.43
MinimumVisualStudioVersion = 10.0.40219.1
Project("{9A19103F-16F7-4668-BE54-9A1E7A4F7556}") = "KeysToGames", "KeysToGames.csproj", "{1E1F7120-3CC0-4A31-A2A4-DC27D0ABC381}"
EndProject
Project("{9A19103F-16F7-4668-BE54-9A1E7A4F7556}") = "KeysToGames.BL", "..\KeysToGames.BL\KeysToGames.BL.csproj", "{C09DF87C-3EFC-443F-9B25-F09B90E0EBCB}"
EndProject
Project("{9A19103F-16F7-4668-BE54-9A1E7A4F7556}") = "KeysToGames.DataAccess", "..\KeysToGames.Dataaccess\KeysToGames.DataAccess.csproj", "{E842FCE3-521D-49FB-AE53-EA33B3FA4C37}"
EndProject
Project("{2150E333-8FDC-42A3-9474-1A3956D46DE8}") = "Tests", "Tests", "{83B16205-D5DC-422E-A860-13BA8B0A96EC}"
EndProject
Project("{9A19103F-16F7-4668-BE54-9A1E7A4F7556}") = "KeysToGames.UnitTests", "..\KeysToGames.UnitTests\KeysToGames.UnitTests.csproj", "{95501D05-3DF4-414D-BA67-AB94630BC3B2}"
EndProject
Project("{FAE04EC0-301F-11D3-BF4B-00C04F79EFBC}") = "KeysToGames.BL.UnitTests", "..\KeysToGames.BL.UnitTests\KeysToGames.BL.UnitTests.csproj", "{C6385C49-FE01-40A5-957A-D81763A79A0E}"
EndProject
Global
	GlobalSection(SolutionConfigurationPlatforms) = preSolution
		Debug|Any CPU = Debug|Any CPU
		Release|Any CPU = Release|Any CPU
	EndGlobalSection
	GlobalSection(ProjectConfigurationPlatforms) = postSolution
		{1E1F7120-3CC0-4A31-A2A4-DC27D0ABC381}.Debug|Any CPU.ActiveCfg = Debug|Any CPU
		{1E1F7120-3CC0-4A31-A2A4-DC27D0ABC381}.Debug|Any CPU.Build.0 = Debug|Any CPU
		{1E1F7120-3CC0-4A31-A2A4-DC27D0ABC381}.Release|Any CPU.ActiveCfg = Release|Any CPU
		{1E1F7120-3CC0-4A31-A2A4-DC27D0ABC381}.Release|Any CPU.Build.0 = Release|Any CPU
		{C09DF87C-3EFC-443F-9B25-F09B90E0EBCB}.Debug|Any CPU.ActiveCfg = Debug|Any CPU
		{C09DF87C-3EFC-443F-9B25-F09B90E0EBCB}.Debug|Any CPU.Build.0 = Debug|Any CPU
		{C09DF87C-3EFC-443F-9B25-F09B90E0EBCB}.Release|Any CPU.ActiveCfg = Release|Any CPU
		{C09DF87C-3EFC-443F-9B25-F09B90E0EBCB}.Release|Any CPU.Build.0 = Release|Any CPU
		{E842FCE3-521D-49FB-AE53-EA33B3FA4C37}.Debug|Any CPU.ActiveCfg = Debug|Any CPU
		{E842FCE3-521D-49FB-AE53-EA33B3FA4C37}.Debug|Any CPU.Build.0 = Debug|Any CPU
		{E842FCE3-521D-49FB-AE53-EA33B3FA4C37}.Release|Any CPU.ActiveCfg = Release|Any CPU
		{E842FCE3-521D-49FB-AE53-EA33B3FA4C37}.Release|Any CPU.Build.0 = Release|Any CPU
		{95501D05-3DF4-414D-BA67-AB94630BC3B2}.Debug|Any CPU.ActiveCfg = Debug|Any CPU
		{95501D05-3DF4-414D-BA67-AB94630BC3B2}.Debug|Any CPU.Build.0 = Debug|Any CPU
		{95501D05-3DF4-414D-BA67-AB94630BC3B2}.Release|Any CPU.ActiveCfg = Release|Any CPU
		{95501D05-3DF4-414D-BA67-AB94630BC3B2}.Release|Any CPU.Build.0 = Release|Any CPU
		{C6385C49-FE01-40A5-957A-D81763A79A0E}.Debug|Any CPU.ActiveCfg = Debug|Any CPU
		{C6385C49-FE01-40A5-957A-D81763A79A0E}.Debug|Any CPU.Build.0 = Debug|Any CPU
		{C6385C49-FE01-40A5-957A-D81763A79A0E}.Release|Any CPU.ActiveCfg = Release|Any CPU
		{C6385C49-FE01-40A5-957A-D81763A79A0E}.Release|Any CPU.Build.0 = Release|Any CPU
	EndGlobalSection
	GlobalSection(SolutionProperties) = preSolution
		HideSolutionNode = FALSE
	EndGlobalSection
	GlobalSection(NestedProjects) = preSolution
		{95501D05-3DF4-414D-BA67-AB94630BC3B2} = {83B16205-D5DC-422E-A860-13BA8B0A96EC}
		{C6385C49-FE01-40A5-957A-D81763A79A0E} = {83B16205-D5DC-422E-A860-13BA8B0A96EC}
	EndGlobalSection
	GlobalSection(ExtensibilityGlobals) = postSolution
		SolutionGuid = {D91240AA-96C1-447C-8263-A98B00F09949}
	EndGlobalSection
EndGlobal
